PODS:
  - QBImagePickerController (3.4.0)

DEPENDENCIES:
  - QBImagePickerController

SPEC REPOS:
  trunk:
    - QBImagePickerController

SPEC CHECKSUMS:
  QBImagePickerController: d54cf93db6decf26baf6ed3472f336ef35cae022

PODFILE CHECKSUM: b1f2c5ce7e25421df6171f65adc546c80b17f9dd

COCOAPODS: 1.10.0
